
Microsoft Visual Studio Solution File, Format Version 12.00
# Visual Studio Version 16
VisualStudioVersion = 16.0.31019.35
MinimumVisualStudioVersion = 10.0.40219.1
Project("{FAE04EC0-301F-11D3-BF4B-00C04F79EFBC}") = "Chap10App", "Chap10App\Chap10App.csproj", "{FA855878-CB6C-4C11-96F6-8C7088DAB79E}"
EndProject
Project("{FAE04EC0-301F-11D3-BF4B-00C04F79EFBC}") = "2DegreeArrayApp", "2DegreeArrayApp\2DegreeArrayApp.csproj", "{ED8D6707-4B2B-4BB7-8045-02463D64086C}"
EndProject
Project("{FAE04EC0-301F-11D3-BF4B-00C04F79EFBC}") = "ArrayListApp", "ArrayListApp\ArrayListApp.csproj", "{93B561FD-C9F5-4908-8088-0C2BE50708D3}"
EndProject
Project("{FAE04EC0-301F-11D3-BF4B-00C04F79EFBC}") = "HashTableApp", "HashTableApp\HashTableApp.csproj", "{B472EFF1-88FC-4933-8818-2DCEB3814C69}"
EndProject
Project("{FAE04EC0-301F-11D3-BF4B-00C04F79EFBC}") = "initCollectionsApp", "initCollectionsApp\initCollectionsApp.csproj", "{33BED6A2-7BE2-4971-8DAB-2D4A26D0109D}"
EndProject
Global
	GlobalSection(SolutionConfigurationPlatforms) = preSolution
		Debug|Any CPU = Debug|Any CPU
		Release|Any CPU = Release|Any CPU
	EndGlobalSection
	GlobalSection(ProjectConfigurationPlatforms) = postSolution
		{FA855878-CB6C-4C11-96F6-8C7088DAB79E}.Debug|Any CPU.ActiveCfg = Debug|Any CPU
		{FA855878-CB6C-4C11-96F6-8C7088DAB79E}.Debug|Any CPU.Build.0 = Debug|Any CPU
		{FA855878-CB6C-4C11-96F6-8C7088DAB79E}.Release|Any CPU.ActiveCfg = Release|Any CPU
		{FA855878-CB6C-4C11-96F6-8C7088DAB79E}.Release|Any CPU.Build.0 = Release|Any CPU
		{ED8D6707-4B2B-4BB7-8045-02463D64086C}.Debug|Any CPU.ActiveCfg = Debug|Any CPU
		{ED8D6707-4B2B-4BB7-8045-02463D64086C}.Debug|Any CPU.Build.0 = Debug|Any CPU
		{ED8D6707-4B2B-4BB7-8045-02463D64086C}.Release|Any CPU.ActiveCfg = Release|Any CPU
		{ED8D6707-4B2B-4BB7-8045-02463D64086C}.Release|Any CPU.Build.0 = Release|Any CPU
		{93B561FD-C9F5-4908-8088-0C2BE50708D3}.Debug|Any CPU.ActiveCfg = Debug|Any CPU
		{93B561FD-C9F5-4908-8088-0C2BE50708D3}.Debug|Any CPU.Build.0 = Debug|Any CPU
		{93B561FD-C9F5-4908-8088-0C2BE50708D3}.Release|Any CPU.ActiveCfg = Release|Any CPU
		{93B561FD-C9F5-4908-8088-0C2BE50708D3}.Release|Any CPU.Build.0 = Release|Any CPU
		{B472EFF1-88FC-4933-8818-2DCEB3814C69}.Debug|Any CPU.ActiveCfg = Debug|Any CPU
		{B472EFF1-88FC-4933-8818-2DCEB3814C69}.Debug|Any CPU.Build.0 = Debug|Any CPU
		{B472EFF1-88FC-4933-8818-2DCEB3814C69}.Release|Any CPU.ActiveCfg = Release|Any CPU
		{B472EFF1-88FC-4933-8818-2DCEB3814C69}.Release|Any CPU.Build.0 = Release|Any CPU
		{33BED6A2-7BE2-4971-8DAB-2D4A26D0109D}.Debug|Any CPU.ActiveCfg = Debug|Any CPU
		{33BED6A2-7BE2-4971-8DAB-2D4A26D0109D}.Debug|Any CPU.Build.0 = Debug|Any CPU
		{33BED6A2-7BE2-4971-8DAB-2D4A26D0109D}.Release|Any CPU.ActiveCfg = Release|Any CPU
		{33BED6A2-7BE2-4971-8DAB-2D4A26D0109D}.Release|Any CPU.Build.0 = Release|Any CPU
	EndGlobalSection
	GlobalSection(SolutionProperties) = preSolution
		HideSolutionNode = FALSE
	EndGlobalSection
	GlobalSection(ExtensibilityGlobals) = postSolution
		SolutionGuid = {A3BA8276-E0C7-4D2B-A296-20AE400E9676}
	EndGlobalSection
EndGlobal
