
Microsoft Visual Studio Solution File, Format Version 12.00
# Visual Studio Version 16
VisualStudioVersion = 16.0.30907.101
MinimumVisualStudioVersion = 10.0.40219.1
Project("{FAE04EC0-301F-11D3-BF4B-00C04F79EFBC}") = "Chap05App", "Chap05App\Chap05App.csproj", "{4A0F9A0C-09D9-4F0D-8562-79FE4B2BFDBD}"
EndProject
Project("{FAE04EC0-301F-11D3-BF4B-00C04F79EFBC}") = "SwitchTestApp", "SwitchTestApp\SwitchTestApp.csproj", "{733ED38A-F6FF-445A-9FE3-E276E9B7CDFB}"
EndProject
Project("{FAE04EC0-301F-11D3-BF4B-00C04F79EFBC}") = "LoopTestApp", "LoopTestApp\LoopTestApp.csproj", "{F536681B-E1C7-4DD2-A713-08BFA1177338}"
EndProject
Project("{FAE04EC0-301F-11D3-BF4B-00C04F79EFBC}") = "StarTestApp", "StarTestApp\StarTestApp.csproj", "{1B927FC9-3402-4CE5-99D4-EE80EE6E6774}"
EndProject
Project("{FAE04EC0-301F-11D3-BF4B-00C04F79EFBC}") = "ForeachTestApp", "ForeachTestApp\ForeachTestApp.csproj", "{1942ABCA-11DC-46DB-A347-D67933B9CCBE}"
EndProject
Project("{FAE04EC0-301F-11D3-BF4B-00C04F79EFBC}") = "infiniteLoopApp", "infiniteLoopApp\infiniteLoopApp.csproj", "{15D6A3B1-E1CF-4BCE-863E-4FF22D40B589}"
EndProject
Project("{FAE04EC0-301F-11D3-BF4B-00C04F79EFBC}") = "JumpTestApp", "JumpTestApp\JumpTestApp.csproj", "{7BB14FA6-28B0-48B4-AF6F-BE1A50742A2C}"
EndProject
Global
	GlobalSection(SolutionConfigurationPlatforms) = preSolution
		Debug|Any CPU = Debug|Any CPU
		Release|Any CPU = Release|Any CPU
	EndGlobalSection
	GlobalSection(ProjectConfigurationPlatforms) = postSolution
		{4A0F9A0C-09D9-4F0D-8562-79FE4B2BFDBD}.Debug|Any CPU.ActiveCfg = Debug|Any CPU
		{4A0F9A0C-09D9-4F0D-8562-79FE4B2BFDBD}.Debug|Any CPU.Build.0 = Debug|Any CPU
		{4A0F9A0C-09D9-4F0D-8562-79FE4B2BFDBD}.Release|Any CPU.ActiveCfg = Release|Any CPU
		{4A0F9A0C-09D9-4F0D-8562-79FE4B2BFDBD}.Release|Any CPU.Build.0 = Release|Any CPU
		{733ED38A-F6FF-445A-9FE3-E276E9B7CDFB}.Debug|Any CPU.ActiveCfg = Debug|Any CPU
		{733ED38A-F6FF-445A-9FE3-E276E9B7CDFB}.Debug|Any CPU.Build.0 = Debug|Any CPU
		{733ED38A-F6FF-445A-9FE3-E276E9B7CDFB}.Release|Any CPU.ActiveCfg = Release|Any CPU
		{733ED38A-F6FF-445A-9FE3-E276E9B7CDFB}.Release|Any CPU.Build.0 = Release|Any CPU
		{F536681B-E1C7-4DD2-A713-08BFA1177338}.Debug|Any CPU.ActiveCfg = Debug|Any CPU
		{F536681B-E1C7-4DD2-A713-08BFA1177338}.Debug|Any CPU.Build.0 = Debug|Any CPU
		{F536681B-E1C7-4DD2-A713-08BFA1177338}.Release|Any CPU.ActiveCfg = Release|Any CPU
		{F536681B-E1C7-4DD2-A713-08BFA1177338}.Release|Any CPU.Build.0 = Release|Any CPU
		{1B927FC9-3402-4CE5-99D4-EE80EE6E6774}.Debug|Any CPU.ActiveCfg = Debug|Any CPU
		{1B927FC9-3402-4CE5-99D4-EE80EE6E6774}.Debug|Any CPU.Build.0 = Debug|Any CPU
		{1B927FC9-3402-4CE5-99D4-EE80EE6E6774}.Release|Any CPU.ActiveCfg = Release|Any CPU
		{1B927FC9-3402-4CE5-99D4-EE80EE6E6774}.Release|Any CPU.Build.0 = Release|Any CPU
		{1942ABCA-11DC-46DB-A347-D67933B9CCBE}.Debug|Any CPU.ActiveCfg = Debug|Any CPU
		{1942ABCA-11DC-46DB-A347-D67933B9CCBE}.Debug|Any CPU.Build.0 = Debug|Any CPU
		{1942ABCA-11DC-46DB-A347-D67933B9CCBE}.Release|Any CPU.ActiveCfg = Release|Any CPU
		{1942ABCA-11DC-46DB-A347-D67933B9CCBE}.Release|Any CPU.Build.0 = Release|Any CPU
		{15D6A3B1-E1CF-4BCE-863E-4FF22D40B589}.Debug|Any CPU.ActiveCfg = Debug|Any CPU
		{15D6A3B1-E1CF-4BCE-863E-4FF22D40B589}.Debug|Any CPU.Build.0 = Debug|Any CPU
		{15D6A3B1-E1CF-4BCE-863E-4FF22D40B589}.Release|Any CPU.ActiveCfg = Release|Any CPU
		{15D6A3B1-E1CF-4BCE-863E-4FF22D40B589}.Release|Any CPU.Build.0 = Release|Any CPU
		{7BB14FA6-28B0-48B4-AF6F-BE1A50742A2C}.Debug|Any CPU.ActiveCfg = Debug|Any CPU
		{7BB14FA6-28B0-48B4-AF6F-BE1A50742A2C}.Debug|Any CPU.Build.0 = Debug|Any CPU
		{7BB14FA6-28B0-48B4-AF6F-BE1A50742A2C}.Release|Any CPU.ActiveCfg = Release|Any CPU
		{7BB14FA6-28B0-48B4-AF6F-BE1A50742A2C}.Release|Any CPU.Build.0 = Release|Any CPU
	EndGlobalSection
	GlobalSection(SolutionProperties) = preSolution
		HideSolutionNode = FALSE
	EndGlobalSection
	GlobalSection(ExtensibilityGlobals) = postSolution
		SolutionGuid = {8B316602-1F94-4725-90EA-BD128131CB75}
	EndGlobalSection
EndGlobal
