
Microsoft Visual Studio Solution File, Format Version 12.00
# Visual Studio Version 16
VisualStudioVersion = 16.0.31019.35
MinimumVisualStudioVersion = 10.0.40219.1
Project("{FAE04EC0-301F-11D3-BF4B-00C04F79EFBC}") = "Chap18App", "Chap18App\Chap18App.csproj", "{C09C9271-DF5F-490C-B613-24DAAC091EF6}"
EndProject
Project("{FAE04EC0-301F-11D3-BF4B-00C04F79EFBC}") = "StringBuilderApp", "StringBuilderApp\StringBuilderApp.csproj", "{3FA16DEF-257A-4DF0-934B-222138971A8D}"
EndProject
Project("{FAE04EC0-301F-11D3-BF4B-00C04F79EFBC}") = "DirectoryInfoApp", "DirectoryInfoApp\DirectoryInfoApp.csproj", "{424CAA8E-ED6F-41E3-8511-A54F871B9E60}"
EndProject
Project("{FAE04EC0-301F-11D3-BF4B-00C04F79EFBC}") = "GenDirFileApp", "GenDirFileApp\GenDirFileApp.csproj", "{4C8BEED3-02F7-4C1A-AE88-8360F15AEB2B}"
EndProject
Project("{FAE04EC0-301F-11D3-BF4B-00C04F79EFBC}") = "TextFileApp", "TextFileApp\TextFileApp.csproj", "{23DF8C50-B2D5-47DD-BB3C-35788B72E357}"
EndProject
Global
	GlobalSection(SolutionConfigurationPlatforms) = preSolution
		Debug|Any CPU = Debug|Any CPU
		Release|Any CPU = Release|Any CPU
	EndGlobalSection
	GlobalSection(ProjectConfigurationPlatforms) = postSolution
		{C09C9271-DF5F-490C-B613-24DAAC091EF6}.Debug|Any CPU.ActiveCfg = Debug|Any CPU
		{C09C9271-DF5F-490C-B613-24DAAC091EF6}.Debug|Any CPU.Build.0 = Debug|Any CPU
		{C09C9271-DF5F-490C-B613-24DAAC091EF6}.Release|Any CPU.ActiveCfg = Release|Any CPU
		{C09C9271-DF5F-490C-B613-24DAAC091EF6}.Release|Any CPU.Build.0 = Release|Any CPU
		{3FA16DEF-257A-4DF0-934B-222138971A8D}.Debug|Any CPU.ActiveCfg = Debug|Any CPU
		{3FA16DEF-257A-4DF0-934B-222138971A8D}.Debug|Any CPU.Build.0 = Debug|Any CPU
		{3FA16DEF-257A-4DF0-934B-222138971A8D}.Release|Any CPU.ActiveCfg = Release|Any CPU
		{3FA16DEF-257A-4DF0-934B-222138971A8D}.Release|Any CPU.Build.0 = Release|Any CPU
		{424CAA8E-ED6F-41E3-8511-A54F871B9E60}.Debug|Any CPU.ActiveCfg = Debug|Any CPU
		{424CAA8E-ED6F-41E3-8511-A54F871B9E60}.Debug|Any CPU.Build.0 = Debug|Any CPU
		{424CAA8E-ED6F-41E3-8511-A54F871B9E60}.Release|Any CPU.ActiveCfg = Release|Any CPU
		{424CAA8E-ED6F-41E3-8511-A54F871B9E60}.Release|Any CPU.Build.0 = Release|Any CPU
		{4C8BEED3-02F7-4C1A-AE88-8360F15AEB2B}.Debug|Any CPU.ActiveCfg = Debug|Any CPU
		{4C8BEED3-02F7-4C1A-AE88-8360F15AEB2B}.Debug|Any CPU.Build.0 = Debug|Any CPU
		{4C8BEED3-02F7-4C1A-AE88-8360F15AEB2B}.Release|Any CPU.ActiveCfg = Release|Any CPU
		{4C8BEED3-02F7-4C1A-AE88-8360F15AEB2B}.Release|Any CPU.Build.0 = Release|Any CPU
		{23DF8C50-B2D5-47DD-BB3C-35788B72E357}.Debug|Any CPU.ActiveCfg = Debug|Any CPU
		{23DF8C50-B2D5-47DD-BB3C-35788B72E357}.Debug|Any CPU.Build.0 = Debug|Any CPU
		{23DF8C50-B2D5-47DD-BB3C-35788B72E357}.Release|Any CPU.ActiveCfg = Release|Any CPU
		{23DF8C50-B2D5-47DD-BB3C-35788B72E357}.Release|Any CPU.Build.0 = Release|Any CPU
	EndGlobalSection
	GlobalSection(SolutionProperties) = preSolution
		HideSolutionNode = FALSE
	EndGlobalSection
	GlobalSection(ExtensibilityGlobals) = postSolution
		SolutionGuid = {EB9EBD10-4B1A-4A99-B5E4-F0B616AA2DE1}
	EndGlobalSection
EndGlobal
