
Microsoft Visual Studio Solution File, Format Version 12.00
# Visual Studio Version 16
VisualStudioVersion = 16.0.30907.101
MinimumVisualStudioVersion = 10.0.40219.1
Project("{FAE04EC0-301F-11D3-BF4B-00C04F79EFBC}") = "Chap03App", "Chap03App\Chap03App.csproj", "{A34B4BAC-73D5-4FB1-812B-A494B8250749}"
EndProject
Project("{FAE04EC0-301F-11D3-BF4B-00C04F79EFBC}") = "HelloWorldApp", "HelloWorldApp\HelloWorldApp.csproj", "{6068CBAC-60FF-4A0C-99EA-856702E1948F}"
EndProject
Project("{FAE04EC0-301F-11D3-BF4B-00C04F79EFBC}") = "VariableTestApp", "VariableTestApp\VariableTestApp.csproj", "{20DC1C4A-9EFA-495C-8CEB-C49AEBEE9D48}"
EndProject
Project("{FAE04EC0-301F-11D3-BF4B-00C04F79EFBC}") = "CharTestApp", "CharTestApp\CharTestApp.csproj", "{84A1EB97-2C5B-44EC-8528-7EE2B0EE11B7}"
EndProject
Project("{FAE04EC0-301F-11D3-BF4B-00C04F79EFBC}") = "IntConversionApp", "IntConversionApp\IntConversionApp.csproj", "{6B09549A-1C8E-4BEB-84BD-30C8022C95FC}"
EndProject
Project("{FAE04EC0-301F-11D3-BF4B-00C04F79EFBC}") = "ArrayTestApp", "ArrayTestApp\ArrayTestApp.csproj", "{21FDB2AD-C643-4E2E-9D73-025CAAB5DB8E}"
EndProject
Project("{FAE04EC0-301F-11D3-BF4B-00C04F79EFBC}") = "ConstTestApp", "ConstTestApp\ConstTestApp.csproj", "{8AAC5E24-2C78-413B-BED5-670463610065}"
EndProject
Project("{FAE04EC0-301F-11D3-BF4B-00C04F79EFBC}") = "VarTestApp", "VarTestApp\VarTestApp.csproj", "{E9C7A351-9D95-4C23-9D24-750C4D0C35C6}"
EndProject
Global
	GlobalSection(SolutionConfigurationPlatforms) = preSolution
		Debug|Any CPU = Debug|Any CPU
		Release|Any CPU = Release|Any CPU
	EndGlobalSection
	GlobalSection(ProjectConfigurationPlatforms) = postSolution
		{A34B4BAC-73D5-4FB1-812B-A494B8250749}.Debug|Any CPU.ActiveCfg = Debug|Any CPU
		{A34B4BAC-73D5-4FB1-812B-A494B8250749}.Debug|Any CPU.Build.0 = Debug|Any CPU
		{A34B4BAC-73D5-4FB1-812B-A494B8250749}.Release|Any CPU.ActiveCfg = Release|Any CPU
		{A34B4BAC-73D5-4FB1-812B-A494B8250749}.Release|Any CPU.Build.0 = Release|Any CPU
		{6068CBAC-60FF-4A0C-99EA-856702E1948F}.Debug|Any CPU.ActiveCfg = Debug|Any CPU
		{6068CBAC-60FF-4A0C-99EA-856702E1948F}.Debug|Any CPU.Build.0 = Debug|Any CPU
		{6068CBAC-60FF-4A0C-99EA-856702E1948F}.Release|Any CPU.ActiveCfg = Release|Any CPU
		{6068CBAC-60FF-4A0C-99EA-856702E1948F}.Release|Any CPU.Build.0 = Release|Any CPU
		{20DC1C4A-9EFA-495C-8CEB-C49AEBEE9D48}.Debug|Any CPU.ActiveCfg = Debug|Any CPU
		{20DC1C4A-9EFA-495C-8CEB-C49AEBEE9D48}.Debug|Any CPU.Build.0 = Debug|Any CPU
		{20DC1C4A-9EFA-495C-8CEB-C49AEBEE9D48}.Release|Any CPU.ActiveCfg = Release|Any CPU
		{20DC1C4A-9EFA-495C-8CEB-C49AEBEE9D48}.Release|Any CPU.Build.0 = Release|Any CPU
		{84A1EB97-2C5B-44EC-8528-7EE2B0EE11B7}.Debug|Any CPU.ActiveCfg = Debug|Any CPU
		{84A1EB97-2C5B-44EC-8528-7EE2B0EE11B7}.Debug|Any CPU.Build.0 = Debug|Any CPU
		{84A1EB97-2C5B-44EC-8528-7EE2B0EE11B7}.Release|Any CPU.ActiveCfg = Release|Any CPU
		{84A1EB97-2C5B-44EC-8528-7EE2B0EE11B7}.Release|Any CPU.Build.0 = Release|Any CPU
		{6B09549A-1C8E-4BEB-84BD-30C8022C95FC}.Debug|Any CPU.ActiveCfg = Debug|Any CPU
		{6B09549A-1C8E-4BEB-84BD-30C8022C95FC}.Debug|Any CPU.Build.0 = Debug|Any CPU
		{6B09549A-1C8E-4BEB-84BD-30C8022C95FC}.Release|Any CPU.ActiveCfg = Release|Any CPU
		{6B09549A-1C8E-4BEB-84BD-30C8022C95FC}.Release|Any CPU.Build.0 = Release|Any CPU
		{21FDB2AD-C643-4E2E-9D73-025CAAB5DB8E}.Debug|Any CPU.ActiveCfg = Debug|Any CPU
		{21FDB2AD-C643-4E2E-9D73-025CAAB5DB8E}.Debug|Any CPU.Build.0 = Debug|Any CPU
		{21FDB2AD-C643-4E2E-9D73-025CAAB5DB8E}.Release|Any CPU.ActiveCfg = Release|Any CPU
		{21FDB2AD-C643-4E2E-9D73-025CAAB5DB8E}.Release|Any CPU.Build.0 = Release|Any CPU
		{8AAC5E24-2C78-413B-BED5-670463610065}.Debug|Any CPU.ActiveCfg = Debug|Any CPU
		{8AAC5E24-2C78-413B-BED5-670463610065}.Debug|Any CPU.Build.0 = Debug|Any CPU
		{8AAC5E24-2C78-413B-BED5-670463610065}.Release|Any CPU.ActiveCfg = Release|Any CPU
		{8AAC5E24-2C78-413B-BED5-670463610065}.Release|Any CPU.Build.0 = Release|Any CPU
		{E9C7A351-9D95-4C23-9D24-750C4D0C35C6}.Debug|Any CPU.ActiveCfg = Debug|Any CPU
		{E9C7A351-9D95-4C23-9D24-750C4D0C35C6}.Debug|Any CPU.Build.0 = Debug|Any CPU
		{E9C7A351-9D95-4C23-9D24-750C4D0C35C6}.Release|Any CPU.ActiveCfg = Release|Any CPU
		{E9C7A351-9D95-4C23-9D24-750C4D0C35C6}.Release|Any CPU.Build.0 = Release|Any CPU
	EndGlobalSection
	GlobalSection(SolutionProperties) = preSolution
		HideSolutionNode = FALSE
	EndGlobalSection
	GlobalSection(ExtensibilityGlobals) = postSolution
		SolutionGuid = {FAD70089-6F4E-4EAD-A8F9-D9CD4AEC1B6D}
	EndGlobalSection
EndGlobal
