
Microsoft Visual Studio Solution File, Format Version 12.00
# Visual Studio Version 16
VisualStudioVersion = 16.0.30907.101
MinimumVisualStudioVersion = 10.0.40219.1
Project("{9A19103F-16F7-4668-BE54-9A1E7A4F7556}") = "Chap07App", "Chap07App\Chap07App.csproj", "{4C934AB2-8044-4E27-B295-688CC744C47C}"
EndProject
Project("{FAE04EC0-301F-11D3-BF4B-00C04F79EFBC}") = "CalcTestApp", "CalcTestApp\CalcTestApp.csproj", "{5F66A790-0F7F-4213-A82D-8FD410C488E6}"
EndProject
Project("{FAE04EC0-301F-11D3-BF4B-00C04F79EFBC}") = "StaticTestApp", "StaticTestApp\StaticTestApp.csproj", "{6D5E8F46-4BE1-4293-89CB-016AE2AC1F6D}"
EndProject
Project("{FAE04EC0-301F-11D3-BF4B-00C04F79EFBC}") = "AccessModifierTestApp", "AccessModifierTestApp\AccessModifierTestApp.csproj", "{8B976F75-B05A-41EF-B1ED-5A4683993EFB}"
EndProject
Project("{FAE04EC0-301F-11D3-BF4B-00C04F79EFBC}") = "InheritTestApp", "InheritTestApp\InheritTestApp.csproj", "{4F0536A3-4555-4CFF-9FCA-E2A59181FB47}"
EndProject
Project("{FAE04EC0-301F-11D3-BF4B-00C04F79EFBC}") = "ClassTypeCastApp", "ClassTypeCastApp\ClassTypeCastApp.csproj", "{24DBE078-1032-43F6-8937-E7BF6177BB25}"
EndProject
Project("{FAE04EC0-301F-11D3-BF4B-00C04F79EFBC}") = "OverrideTestApp", "OverideTestApp\OverrideTestApp.csproj", "{DED69E9D-CB7A-412C-8475-4558B989AD47}"
EndProject
Project("{FAE04EC0-301F-11D3-BF4B-00C04F79EFBC}") = "PartialClassApp", "PartialClassApp\PartialClassApp.csproj", "{58C43825-8AEE-4D03-B986-F2E503C23B3C}"
EndProject
Project("{FAE04EC0-301F-11D3-BF4B-00C04F79EFBC}") = "NewInheritTestApp", "NewInheritTestApp\NewInheritTestApp.csproj", "{9C49F9F2-AD28-4A74-84F8-DF857862FE80}"
EndProject
Project("{FAE04EC0-301F-11D3-BF4B-00C04F79EFBC}") = "NewTypeCastApp", "NewTypeCastApp\NewTypeCastApp.csproj", "{95242F5E-054A-4DD3-9F3F-7DD8C14CC35C}"
EndProject
Project("{FAE04EC0-301F-11D3-BF4B-00C04F79EFBC}") = "NewOverrideTestApp", "NewOverrideTestApp\NewOverrideTestApp.csproj", "{7E52336D-32C0-4DB4-A2D0-75A89699F496}"
EndProject
Project("{FAE04EC0-301F-11D3-BF4B-00C04F79EFBC}") = "TupleTestApp", "TupleTestApp\TupleTestApp.csproj", "{C4AAE561-11CF-477C-A1DC-12EC4EC2F25E}"
EndProject
Global
	GlobalSection(SolutionConfigurationPlatforms) = preSolution
		Debug|Any CPU = Debug|Any CPU
		Release|Any CPU = Release|Any CPU
	EndGlobalSection
	GlobalSection(ProjectConfigurationPlatforms) = postSolution
		{4C934AB2-8044-4E27-B295-688CC744C47C}.Debug|Any CPU.ActiveCfg = Debug|Any CPU
		{4C934AB2-8044-4E27-B295-688CC744C47C}.Debug|Any CPU.Build.0 = Debug|Any CPU
		{4C934AB2-8044-4E27-B295-688CC744C47C}.Release|Any CPU.ActiveCfg = Release|Any CPU
		{4C934AB2-8044-4E27-B295-688CC744C47C}.Release|Any CPU.Build.0 = Release|Any CPU
		{5F66A790-0F7F-4213-A82D-8FD410C488E6}.Debug|Any CPU.ActiveCfg = Debug|Any CPU
		{5F66A790-0F7F-4213-A82D-8FD410C488E6}.Debug|Any CPU.Build.0 = Debug|Any CPU
		{5F66A790-0F7F-4213-A82D-8FD410C488E6}.Release|Any CPU.ActiveCfg = Release|Any CPU
		{5F66A790-0F7F-4213-A82D-8FD410C488E6}.Release|Any CPU.Build.0 = Release|Any CPU
		{6D5E8F46-4BE1-4293-89CB-016AE2AC1F6D}.Debug|Any CPU.ActiveCfg = Debug|Any CPU
		{6D5E8F46-4BE1-4293-89CB-016AE2AC1F6D}.Debug|Any CPU.Build.0 = Debug|Any CPU
		{6D5E8F46-4BE1-4293-89CB-016AE2AC1F6D}.Release|Any CPU.ActiveCfg = Release|Any CPU
		{6D5E8F46-4BE1-4293-89CB-016AE2AC1F6D}.Release|Any CPU.Build.0 = Release|Any CPU
		{8B976F75-B05A-41EF-B1ED-5A4683993EFB}.Debug|Any CPU.ActiveCfg = Debug|Any CPU
		{8B976F75-B05A-41EF-B1ED-5A4683993EFB}.Debug|Any CPU.Build.0 = Debug|Any CPU
		{8B976F75-B05A-41EF-B1ED-5A4683993EFB}.Release|Any CPU.ActiveCfg = Release|Any CPU
		{8B976F75-B05A-41EF-B1ED-5A4683993EFB}.Release|Any CPU.Build.0 = Release|Any CPU
		{4F0536A3-4555-4CFF-9FCA-E2A59181FB47}.Debug|Any CPU.ActiveCfg = Debug|Any CPU
		{4F0536A3-4555-4CFF-9FCA-E2A59181FB47}.Debug|Any CPU.Build.0 = Debug|Any CPU
		{4F0536A3-4555-4CFF-9FCA-E2A59181FB47}.Release|Any CPU.ActiveCfg = Release|Any CPU
		{4F0536A3-4555-4CFF-9FCA-E2A59181FB47}.Release|Any CPU.Build.0 = Release|Any CPU
		{24DBE078-1032-43F6-8937-E7BF6177BB25}.Debug|Any CPU.ActiveCfg = Debug|Any CPU
		{24DBE078-1032-43F6-8937-E7BF6177BB25}.Debug|Any CPU.Build.0 = Debug|Any CPU
		{24DBE078-1032-43F6-8937-E7BF6177BB25}.Release|Any CPU.ActiveCfg = Release|Any CPU
		{24DBE078-1032-43F6-8937-E7BF6177BB25}.Release|Any CPU.Build.0 = Release|Any CPU
		{DED69E9D-CB7A-412C-8475-4558B989AD47}.Debug|Any CPU.ActiveCfg = Debug|Any CPU
		{DED69E9D-CB7A-412C-8475-4558B989AD47}.Debug|Any CPU.Build.0 = Debug|Any CPU
		{DED69E9D-CB7A-412C-8475-4558B989AD47}.Release|Any CPU.ActiveCfg = Release|Any CPU
		{DED69E9D-CB7A-412C-8475-4558B989AD47}.Release|Any CPU.Build.0 = Release|Any CPU
		{58C43825-8AEE-4D03-B986-F2E503C23B3C}.Debug|Any CPU.ActiveCfg = Debug|Any CPU
		{58C43825-8AEE-4D03-B986-F2E503C23B3C}.Debug|Any CPU.Build.0 = Debug|Any CPU
		{58C43825-8AEE-4D03-B986-F2E503C23B3C}.Release|Any CPU.ActiveCfg = Release|Any CPU
		{58C43825-8AEE-4D03-B986-F2E503C23B3C}.Release|Any CPU.Build.0 = Release|Any CPU
		{9C49F9F2-AD28-4A74-84F8-DF857862FE80}.Debug|Any CPU.ActiveCfg = Debug|Any CPU
		{9C49F9F2-AD28-4A74-84F8-DF857862FE80}.Debug|Any CPU.Build.0 = Debug|Any CPU
		{9C49F9F2-AD28-4A74-84F8-DF857862FE80}.Release|Any CPU.ActiveCfg = Release|Any CPU
		{9C49F9F2-AD28-4A74-84F8-DF857862FE80}.Release|Any CPU.Build.0 = Release|Any CPU
		{95242F5E-054A-4DD3-9F3F-7DD8C14CC35C}.Debug|Any CPU.ActiveCfg = Debug|Any CPU
		{95242F5E-054A-4DD3-9F3F-7DD8C14CC35C}.Debug|Any CPU.Build.0 = Debug|Any CPU
		{95242F5E-054A-4DD3-9F3F-7DD8C14CC35C}.Release|Any CPU.ActiveCfg = Release|Any CPU
		{95242F5E-054A-4DD3-9F3F-7DD8C14CC35C}.Release|Any CPU.Build.0 = Release|Any CPU
		{7E52336D-32C0-4DB4-A2D0-75A89699F496}.Debug|Any CPU.ActiveCfg = Debug|Any CPU
		{7E52336D-32C0-4DB4-A2D0-75A89699F496}.Debug|Any CPU.Build.0 = Debug|Any CPU
		{7E52336D-32C0-4DB4-A2D0-75A89699F496}.Release|Any CPU.ActiveCfg = Release|Any CPU
		{7E52336D-32C0-4DB4-A2D0-75A89699F496}.Release|Any CPU.Build.0 = Release|Any CPU
		{C4AAE561-11CF-477C-A1DC-12EC4EC2F25E}.Debug|Any CPU.ActiveCfg = Debug|Any CPU
		{C4AAE561-11CF-477C-A1DC-12EC4EC2F25E}.Debug|Any CPU.Build.0 = Debug|Any CPU
		{C4AAE561-11CF-477C-A1DC-12EC4EC2F25E}.Release|Any CPU.ActiveCfg = Release|Any CPU
		{C4AAE561-11CF-477C-A1DC-12EC4EC2F25E}.Release|Any CPU.Build.0 = Release|Any CPU
	EndGlobalSection
	GlobalSection(SolutionProperties) = preSolution
		HideSolutionNode = FALSE
	EndGlobalSection
	GlobalSection(ExtensibilityGlobals) = postSolution
		SolutionGuid = {4E5EF509-AC48-4AC5-B0C0-ADE55BC1B729}
	EndGlobalSection
EndGlobal
