
Microsoft Visual Studio Solution File, Format Version 12.00
# Visual Studio Version 16
VisualStudioVersion = 16.0.31019.35
MinimumVisualStudioVersion = 10.0.40219.1
Project("{FAE04EC0-301F-11D3-BF4B-00C04F79EFBC}") = "Chap11App", "Chap11App\Chap11App.csproj", "{2F9BB709-97DB-4EB1-8689-9862FAE4A206}"
EndProject
Project("{FAE04EC0-301F-11D3-BF4B-00C04F79EFBC}") = "GenericCopyArrayApp", "GenericCopyArrayApp\GenericCopyArrayApp.csproj", "{CFDC872D-0A1E-4327-8A0A-97AE2FADDDBD}"
EndProject
Project("{FAE04EC0-301F-11D3-BF4B-00C04F79EFBC}") = "GenericClassApp", "GenericClassApp\GenericClassApp.csproj", "{52CBE736-64A0-43A8-848C-61F9B6799ACB}"
EndProject
Project("{FAE04EC0-301F-11D3-BF4B-00C04F79EFBC}") = "GenericListApp", "GenericListApp\GenericListApp.csproj", "{6D38D32D-1D4F-4E93-8907-C81B4D5FF5B1}"
EndProject
Project("{FAE04EC0-301F-11D3-BF4B-00C04F79EFBC}") = "DictionaryApp", "DictionaryApp\DictionaryApp.csproj", "{33E8DDE6-C978-479E-8827-106918426826}"
EndProject
Global
	GlobalSection(SolutionConfigurationPlatforms) = preSolution
		Debug|Any CPU = Debug|Any CPU
		Release|Any CPU = Release|Any CPU
	EndGlobalSection
	GlobalSection(ProjectConfigurationPlatforms) = postSolution
		{2F9BB709-97DB-4EB1-8689-9862FAE4A206}.Debug|Any CPU.ActiveCfg = Debug|Any CPU
		{2F9BB709-97DB-4EB1-8689-9862FAE4A206}.Debug|Any CPU.Build.0 = Debug|Any CPU
		{2F9BB709-97DB-4EB1-8689-9862FAE4A206}.Release|Any CPU.ActiveCfg = Release|Any CPU
		{2F9BB709-97DB-4EB1-8689-9862FAE4A206}.Release|Any CPU.Build.0 = Release|Any CPU
		{CFDC872D-0A1E-4327-8A0A-97AE2FADDDBD}.Debug|Any CPU.ActiveCfg = Debug|Any CPU
		{CFDC872D-0A1E-4327-8A0A-97AE2FADDDBD}.Debug|Any CPU.Build.0 = Debug|Any CPU
		{CFDC872D-0A1E-4327-8A0A-97AE2FADDDBD}.Release|Any CPU.ActiveCfg = Release|Any CPU
		{CFDC872D-0A1E-4327-8A0A-97AE2FADDDBD}.Release|Any CPU.Build.0 = Release|Any CPU
		{52CBE736-64A0-43A8-848C-61F9B6799ACB}.Debug|Any CPU.ActiveCfg = Debug|Any CPU
		{52CBE736-64A0-43A8-848C-61F9B6799ACB}.Debug|Any CPU.Build.0 = Debug|Any CPU
		{52CBE736-64A0-43A8-848C-61F9B6799ACB}.Release|Any CPU.ActiveCfg = Release|Any CPU
		{52CBE736-64A0-43A8-848C-61F9B6799ACB}.Release|Any CPU.Build.0 = Release|Any CPU
		{6D38D32D-1D4F-4E93-8907-C81B4D5FF5B1}.Debug|Any CPU.ActiveCfg = Debug|Any CPU
		{6D38D32D-1D4F-4E93-8907-C81B4D5FF5B1}.Debug|Any CPU.Build.0 = Debug|Any CPU
		{6D38D32D-1D4F-4E93-8907-C81B4D5FF5B1}.Release|Any CPU.ActiveCfg = Release|Any CPU
		{6D38D32D-1D4F-4E93-8907-C81B4D5FF5B1}.Release|Any CPU.Build.0 = Release|Any CPU
		{33E8DDE6-C978-479E-8827-106918426826}.Debug|Any CPU.ActiveCfg = Debug|Any CPU
		{33E8DDE6-C978-479E-8827-106918426826}.Debug|Any CPU.Build.0 = Debug|Any CPU
		{33E8DDE6-C978-479E-8827-106918426826}.Release|Any CPU.ActiveCfg = Release|Any CPU
		{33E8DDE6-C978-479E-8827-106918426826}.Release|Any CPU.Build.0 = Release|Any CPU
	EndGlobalSection
	GlobalSection(SolutionProperties) = preSolution
		HideSolutionNode = FALSE
	EndGlobalSection
	GlobalSection(ExtensibilityGlobals) = postSolution
		SolutionGuid = {1C2AFC6F-8D4F-4710-B312-8906EB7CEA88}
	EndGlobalSection
EndGlobal
