
Microsoft Visual Studio Solution File, Format Version 12.00
# Visual Studio Version 16
VisualStudioVersion = 16.0.30907.101
MinimumVisualStudioVersion = 10.0.40219.1
Project("{FAE04EC0-301F-11D3-BF4B-00C04F79EFBC}") = "Chap04App", "Chap04App\Chap04App.csproj", "{89D02F91-F068-48E6-857E-7F633990B9CD}"
EndProject
Project("{FAE04EC0-301F-11D3-BF4B-00C04F79EFBC}") = "IncDecTestApp", "IncDecTestApp\IncDecTestApp.csproj", "{2336B739-DF6F-4193-9509-002FB229B9FD}"
EndProject
Global
	GlobalSection(SolutionConfigurationPlatforms) = preSolution
		Debug|Any CPU = Debug|Any CPU
		Release|Any CPU = Release|Any CPU
	EndGlobalSection
	GlobalSection(ProjectConfigurationPlatforms) = postSolution
		{89D02F91-F068-48E6-857E-7F633990B9CD}.Debug|Any CPU.ActiveCfg = Debug|Any CPU
		{89D02F91-F068-48E6-857E-7F633990B9CD}.Debug|Any CPU.Build.0 = Debug|Any CPU
		{89D02F91-F068-48E6-857E-7F633990B9CD}.Release|Any CPU.ActiveCfg = Release|Any CPU
		{89D02F91-F068-48E6-857E-7F633990B9CD}.Release|Any CPU.Build.0 = Release|Any CPU
		{2336B739-DF6F-4193-9509-002FB229B9FD}.Debug|Any CPU.ActiveCfg = Debug|Any CPU
		{2336B739-DF6F-4193-9509-002FB229B9FD}.Debug|Any CPU.Build.0 = Debug|Any CPU
		{2336B739-DF6F-4193-9509-002FB229B9FD}.Release|Any CPU.ActiveCfg = Release|Any CPU
		{2336B739-DF6F-4193-9509-002FB229B9FD}.Release|Any CPU.Build.0 = Release|Any CPU
	EndGlobalSection
	GlobalSection(SolutionProperties) = preSolution
		HideSolutionNode = FALSE
	EndGlobalSection
	GlobalSection(ExtensibilityGlobals) = postSolution
		SolutionGuid = {A88A8A6E-9546-4B12-80B0-D06075ED4BC1}
	EndGlobalSection
EndGlobal
