
Microsoft Visual Studio Solution File, Format Version 12.00
# Visual Studio Version 16
VisualStudioVersion = 16.0.30907.101
MinimumVisualStudioVersion = 10.0.40219.1
Project("{FAE04EC0-301F-11D3-BF4B-00C04F79EFBC}") = "Chap08App", "Chap08App\Chap08App.csproj", "{636078CC-EF9E-40F8-B82C-CC1624DF600E}"
EndProject
Project("{FAE04EC0-301F-11D3-BF4B-00C04F79EFBC}") = "MultiinterfaceApp", "MultiinterfaceApp\MultiinterfaceApp.csproj", "{685246C5-64DF-4262-886A-C8D1B095DB16}"
EndProject
Global
	GlobalSection(SolutionConfigurationPlatforms) = preSolution
		Debug|Any CPU = Debug|Any CPU
		Release|Any CPU = Release|Any CPU
	EndGlobalSection
	GlobalSection(ProjectConfigurationPlatforms) = postSolution
		{636078CC-EF9E-40F8-B82C-CC1624DF600E}.Debug|Any CPU.ActiveCfg = Debug|Any CPU
		{636078CC-EF9E-40F8-B82C-CC1624DF600E}.Debug|Any CPU.Build.0 = Debug|Any CPU
		{636078CC-EF9E-40F8-B82C-CC1624DF600E}.Release|Any CPU.ActiveCfg = Release|Any CPU
		{636078CC-EF9E-40F8-B82C-CC1624DF600E}.Release|Any CPU.Build.0 = Release|Any CPU
		{685246C5-64DF-4262-886A-C8D1B095DB16}.Debug|Any CPU.ActiveCfg = Debug|Any CPU
		{685246C5-64DF-4262-886A-C8D1B095DB16}.Debug|Any CPU.Build.0 = Debug|Any CPU
		{685246C5-64DF-4262-886A-C8D1B095DB16}.Release|Any CPU.ActiveCfg = Release|Any CPU
		{685246C5-64DF-4262-886A-C8D1B095DB16}.Release|Any CPU.Build.0 = Release|Any CPU
	EndGlobalSection
	GlobalSection(SolutionProperties) = preSolution
		HideSolutionNode = FALSE
	EndGlobalSection
	GlobalSection(ExtensibilityGlobals) = postSolution
		SolutionGuid = {0A6856EF-05BC-4517-B7DD-4629108759CE}
	EndGlobalSection
EndGlobal
